
Microsoft Visual Studio Solution File, Format Version 12.00
# Visual Studio Version 16
VisualStudioVersion = 16.0.30804.86
MinimumVisualStudioVersion = 10.0.40219.1
Project("{FAE04EC0-301F-11D3-BF4B-00C04F79EFBC}") = "WebApiTestTask", "WebApiTestTask\WebApiTestTask.csproj", "{65610F63-3F92-428D-ABEA-C1AA44DC1B07}"
EndProject
Global
	GlobalSection(SolutionConfigurationPlatforms) = preSolution
		Debug|Any CPU = Debug|Any CPU
		Release|Any CPU = Release|Any CPU
	EndGlobalSection
	GlobalSection(ProjectConfigurationPlatforms) = postSolution
		{65610F63-3F92-428D-ABEA-C1AA44DC1B07}.Debug|Any CPU.ActiveCfg = Debug|Any CPU
		{65610F63-3F92-428D-ABEA-C1AA44DC1B07}.Debug|Any CPU.Build.0 = Debug|Any CPU
		{65610F63-3F92-428D-ABEA-C1AA44DC1B07}.Release|Any CPU.ActiveCfg = Release|Any CPU
		{65610F63-3F92-428D-ABEA-C1AA44DC1B07}.Release|Any CPU.Build.0 = Release|Any CPU
	EndGlobalSection
	GlobalSection(SolutionProperties) = preSolution
		HideSolutionNode = FALSE
	EndGlobalSection
	GlobalSection(ExtensibilityGlobals) = postSolution
		SolutionGuid = {F8B91053-45AF-47C1-ACD0-0CA8598158C0}
	EndGlobalSection
EndGlobal
